Microsoft Visual Studio Solution File, Format Version 11.00
# Visual Studio 2008

Project("{AC8CC7FD-F2E5-DB18-F1BD-8A8FA5377ACD}") = "SchoolOff", "Assembly-CSharp.csproj", "{4E6E5970-8B8C-F724-B1FB-809FBCE239DF}"
EndProject
Global
	GlobalSection(SolutionConfigurationPlatforms) = preSolution
		Debug|Any CPU = Debug|Any CPU
		Release|Any CPU = Release|Any CPU
	EndGlobalSection
	GlobalSection(ProjectConfigurationPlatforms) = postSolution
		{4E6E5970-8B8C-F724-B1FB-809FBCE239DF}.Debug|Any CPU.ActiveCfg = Debug|Any CPU
		{4E6E5970-8B8C-F724-B1FB-809FBCE239DF}.Debug|Any CPU.Build.0 = Debug|Any CPU
		{4E6E5970-8B8C-F724-B1FB-809FBCE239DF}.Release|Any CPU.ActiveCfg = Release|Any CPU
		{4E6E5970-8B8C-F724-B1FB-809FBCE239DF}.Release|Any CPU.Build.0 = Release|Any CPU
	EndGlobalSection
	GlobalSection(SolutionProperties) = preSolution
		HideSolutionNode = FALSE
	EndGlobalSection
	GlobalSection(MonoDevelopProperties) = preSolution
		StartupItem = Assembly-CSharp.csproj
	EndGlobalSection
EndGlobal
